// !$*UTF8*$!
{
	archiveVersion = 1;
	classes = {
	};
	objectVersion = 56;
	objects = {

/* Begin PBXBuildFile section */
		F121E38829529584005E2E5D /* HelpPlay.swift in Sources */ = {isa = PBXBuildFile; fileRef = F121E38729529584005E2E5D /* HelpPlay.swift */; };
		F121E38B2954A9E0005E2E5D /* AVAudio.swift in Sources */ = {isa = PBXBuildFile; fileRef = F121E38A2954A9E0005E2E5D /* AVAudio.swift */; };
		F12C5C1E293F6DF400843726 /* Sabre.swift in Sources */ = {isa = PBXBuildFile; fileRef = F12C5C1D293F6DF400843726 /* Sabre.swift */; };
		F12C5C27293F7DAB00843726 /* ImagePicker.swift in Sources */ = {isa = PBXBuildFile; fileRef = F12C5C26293F7DAB00843726 /* ImagePicker.swift */; };
		F12C5C2B2940EF0900843726 /* Snow.sks in Resources */ = {isa = PBXBuildFile; fileRef = F12C5C292940EF0900843726 /* Snow.sks */; };
		F12C5C2C2940EF0900843726 /* Assets.xcassets in Resources */ = {isa = PBXBuildFile; fileRef = F12C5C2A2940EF0900843726 /* Assets.xcassets */; };
		F12C5C2E2940F41E00843726 /* SnowScene.swift in Sources */ = {isa = PBXBuildFile; fileRef = F12C5C2D2940F41E00843726 /* SnowScene.swift */; };
		F12C5C3B294248DD00843726 /* CameraViewController.swift in Sources */ = {isa = PBXBuildFile; fileRef = F12C5C3A294248DD00843726 /* CameraViewController.swift */; };
		F12C5C3D2942493800843726 /* CameraView.swift in Sources */ = {isa = PBXBuildFile; fileRef = F12C5C3C2942493800843726 /* CameraView.swift */; };
		F12C5C4329424E9500843726 /* AppError.swift in Sources */ = {isa = PBXBuildFile; fileRef = F12C5C4229424E9500843726 /* AppError.swift */; };
		F12C5C452942688900843726 /* RelaxMomentView.swift in Sources */ = {isa = PBXBuildFile; fileRef = F12C5C442942688900843726 /* RelaxMomentView.swift */; };
		F12C5C47294268FE00843726 /* FingersOverlay.swift in Sources */ = {isa = PBXBuildFile; fileRef = F12C5C46294268FE00843726 /* FingersOverlay.swift */; };
		F12C5C4B294270F100843726 /* Cores.swift in Sources */ = {isa = PBXBuildFile; fileRef = F12C5C4A294270F100843726 /* Cores.swift */; };
		F18B8A7F2939243F002EC7B0 /* RelaxJediApp.swift in Sources */ = {isa = PBXBuildFile; fileRef = F18B8A7E2939243F002EC7B0 /* RelaxJediApp.swift */; };
		F18B8A812939243F002EC7B0 /* ContentView.swift in Sources */ = {isa = PBXBuildFile; fileRef = F18B8A802939243F002EC7B0 /* ContentView.swift */; };
		F18B8A8329392440002EC7B0 /* Assets.xcassets in Resources */ = {isa = PBXBuildFile; fileRef = F18B8A8229392440002EC7B0 /* Assets.xcassets */; };
		F18B8A8629392440002EC7B0 /* Preview Assets.xcassets in Resources */ = {isa = PBXBuildFile; fileRef = F18B8A8529392440002EC7B0 /* Preview Assets.xcassets */; };
		F18B8AB5293936D8002EC7B0 /* SabreDeLuz.swift in Sources */ = {isa = PBXBuildFile; fileRef = F18B8AB4293936D8002EC7B0 /* SabreDeLuz.swift */; };
/* End PBXBuildFile section */

/* Begin PBXFileReference section */
		F121E38729529584005E2E5D /* HelpPlay.swift */ = {isa = PBXFileReference; lastKnownFileType = sourcecode.swift; path = HelpPlay.swift; sourceTree = "<group>"; };
		F121E38A2954A9E0005E2E5D /* AVAudio.swift */ = {isa = PBXFileReference; lastKnownFileType = sourcecode.swift; path = AVAudio.swift; sourceTree = "<group>"; };
		F12C5C1D293F6DF400843726 /* Sabre.swift */ = {isa = PBXFileReference; lastKnownFileType = sourcecode.swift; path = Sabre.swift; sourceTree = "<group>"; };
		F12C5C26293F7DAB00843726 /* ImagePicker.swift */ = {isa = PBXFileReference; lastKnownFileType = sourcecode.swift; path = ImagePicker.swift; sourceTree = "<group>"; };
		F12C5C292940EF0900843726 /* Snow.sks */ = {isa = PBXFileReference; lastKnownFileType = file.sks; path = Snow.sks; sourceTree = "<group>"; };
		F12C5C2A2940EF0900843726 /* Assets.xcassets */ = {isa = PBXFileReference; lastKnownFileType = folder.assetcatalog; path = Assets.xcassets; sourceTree = "<group>"; };
		F12C5C2D2940F41E00843726 /* SnowScene.swift */ = {isa = PBXFileReference; lastKnownFileType = sourcecode.swift; path = SnowScene.swift; sourceTree = "<group>"; };
		F12C5C3A294248DD00843726 /* CameraViewController.swift */ = {isa = PBXFileReference; lastKnownFileType = sourcecode.swift; path = CameraViewController.swift; sourceTree = "<group>"; };
		F12C5C3C2942493800843726 /* CameraView.swift */ = {isa = PBXFileReference; lastKnownFileType = sourcecode.swift; path = CameraView.swift; sourceTree = "<group>"; };
		F12C5C4229424E9500843726 /* AppError.swift */ = {isa = PBXFileReference; lastKnownFileType = sourcecode.swift; path = AppError.swift; sourceTree = "<group>"; };
		F12C5C442942688900843726 /* RelaxMomentView.swift */ = {isa = PBXFileReference; lastKnownFileType = sourcecode.swift; path = RelaxMomentView.swift; sourceTree = "<group>"; };
		F12C5C46294268FE00843726 /* FingersOverlay.swift */ = {isa = PBXFileReference; lastKnownFileType = sourcecode.swift; path = FingersOverlay.swift; sourceTree = "<group>"; };
		F12C5C4A294270F100843726 /* Cores.swift */ = {isa = PBXFileReference; lastKnownFileType = sourcecode.swift; path = Cores.swift; sourceTree = "<group>"; };
		F18B8A7B2939243F002EC7B0 /* RelaxJedi.app */ = {isa = PBXFileReference; explicitFileType = wrapper.application; includeInIndex = 0; path = RelaxJedi.app; sourceTree = BUILT_PRODUCTS_DIR; };
		F18B8A7E2939243F002EC7B0 /* RelaxJediApp.swift */ = {isa = PBXFileReference; lastKnownFileType = sourcecode.swift; path = RelaxJediApp.swift; sourceTree = "<group>"; };
		F18B8A802939243F002EC7B0 /* ContentView.swift */ = {isa = PBXFileReference; lastKnownFileType = sourcecode.swift; path = ContentView.swift; sourceTree = "<group>"; };
		F18B8A8229392440002EC7B0 /* Assets.xcassets */ = {isa = PBXFileReference; lastKnownFileType = folder.assetcatalog; path = Assets.xcassets; sourceTree = "<group>"; };
		F18B8A8529392440002EC7B0 /* Preview Assets.xcassets */ = {isa = PBXFileReference; lastKnownFileType = folder.assetcatalog; path = "Preview Assets.xcassets"; sourceTree = "<group>"; };
		F18B8AB4293936D8002EC7B0 /* SabreDeLuz.swift */ = {isa = PBXFileReference; lastKnownFileType = sourcecode.swift; path = SabreDeLuz.swift; sourceTree = "<group>"; };
/* End PBXFileReference section */

/* Begin PBXFrameworksBuildPhase section */
		F18B8A782939243F002EC7B0 /* Frameworks */ = {
			isa = PBXFrameworksBuildPhase;
			buildActionMask = 2147483647;
			files = (
			);
			runOnlyForDeploymentPostprocessing = 0;
		};
/* End PBXFrameworksBuildPhase section */

/* Begin PBXGroup section */
		F121E3892954A9B6005E2E5D /* Snow */ = {
			isa = PBXGroup;
			children = (
				F12C5C292940EF0900843726 /* Snow.sks */,
				F12C5C2A2940EF0900843726 /* Assets.xcassets */,
				F12C5C2D2940F41E00843726 /* SnowScene.swift */,
			);
			path = Snow;
			sourceTree = "<group>";
		};
		F12C5C1A293F6DB500843726 /* Model */ = {
			isa = PBXGroup;
			children = (
				F12C5C1D293F6DF400843726 /* Sabre.swift */,
				F121E38A2954A9E0005E2E5D /* AVAudio.swift */,
			);
			path = Model;
			sourceTree = "<group>";
		};
		F12C5C1F293F6E9700843726 /* Views */ = {
			isa = PBXGroup;
			children = (
				F121E3892954A9B6005E2E5D /* Snow */,
				F12C5C49294270A300843726 /* Relax */,
				F12C5C4829426BEA00843726 /* SupportingFiles */,
				F12C5C332941236B00843726 /* HandPose */,
				F12C5C23293F713900843726 /* Enums */,
				F12C5C22293F711800843726 /* Extensions */,
				F18B8AB4293936D8002EC7B0 /* SabreDeLuz.swift */,
				F18B8A7E2939243F002EC7B0 /* RelaxJediApp.swift */,
				F18B8A802939243F002EC7B0 /* ContentView.swift */,
				F121E38729529584005E2E5D /* HelpPlay.swift */,
			);
			path = Views;
			sourceTree = "<group>";
		};
		F12C5C22293F711800843726 /* Extensions */ = {
			isa = PBXGroup;
			children = (
			);
			path = Extensions;
			sourceTree = "<group>";
		};
		F12C5C23293F713900843726 /* Enums */ = {
			isa = PBXGroup;
			children = (
				F12C5C4A294270F100843726 /* Cores.swift */,
			);
			path = Enums;
			sourceTree = "<group>";
		};
		F12C5C332941236B00843726 /* HandPose */ = {
			isa = PBXGroup;
			children = (
				F12C5C26293F7DAB00843726 /* ImagePicker.swift */,
				F12C5C3A294248DD00843726 /* CameraViewController.swift */,
				F12C5C3C2942493800843726 /* CameraView.swift */,
			);
			path = HandPose;
			sourceTree = "<group>";
		};
		F12C5C4829426BEA00843726 /* SupportingFiles */ = {
			isa = PBXGroup;
			children = (
				F12C5C4229424E9500843726 /* AppError.swift */,
			);
			path = SupportingFiles;
			sourceTree = "<group>";
		};
		F12C5C49294270A300843726 /* Relax */ = {
			isa = PBXGroup;
			children = (
				F12C5C442942688900843726 /* RelaxMomentView.swift */,
				F12C5C46294268FE00843726 /* FingersOverlay.swift */,
			);
			path = Relax;
			sourceTree = "<group>";
		};
		F18B8A722939243F002EC7B0 = {
			isa = PBXGroup;
			children = (
				F18B8A7D2939243F002EC7B0 /* RelaxJedi */,
				F18B8A7C2939243F002EC7B0 /* Products */,
			);
			sourceTree = "<group>";
		};
		F18B8A7C2939243F002EC7B0 /* Products */ = {
			isa = PBXGroup;
			children = (
				F18B8A7B2939243F002EC7B0 /* RelaxJedi.app */,
			);
			name = Products;
			sourceTree = "<group>";
		};
		F18B8A7D2939243F002EC7B0 /* RelaxJedi */ = {
			isa = PBXGroup;
			children = (
				F12C5C1F293F6E9700843726 /* Views */,
				F12C5C1A293F6DB500843726 /* Model */,
				F18B8A8229392440002EC7B0 /* Assets.xcassets */,
				F18B8A8429392440002EC7B0 /* Preview Content */,
			);
			path = RelaxJedi;
			sourceTree = "<group>";
		};
		F18B8A8429392440002EC7B0 /* Preview Content */ = {
			isa = PBXGroup;
			children = (
				F18B8A8529392440002EC7B0 /* Preview Assets.xcassets */,
			);
			path = "Preview Content";
			sourceTree = "<group>";
		};
/* End PBXGroup section */

/* Begin PBXNativeTarget section */
		F18B8A7A2939243F002EC7B0 /* RelaxJedi */ = {
			isa = PBXNativeTarget;
			buildConfigurationList = F18B8A8929392440002EC7B0 /* Build configuration list for PBXNativeTarget "RelaxJedi" */;
			buildPhases = (
				F18B8A772939243F002EC7B0 /* Sources */,
				F18B8A782939243F002EC7B0 /* Frameworks */,
				F18B8A792939243F002EC7B0 /* Resources */,
			);
			buildRules = (
			);
			dependencies = (
			);
			name = RelaxJedi;
			productName = RelaxJedi;
			productReference = F18B8A7B2939243F002EC7B0 /* RelaxJedi.app */;
			productType = "com.apple.product-type.application";
		};
/* End PBXNativeTarget section */

/* Begin PBXProject section */
		F18B8A732939243F002EC7B0 /* Project object */ = {
			isa = PBXProject;
			attributes = {
				BuildIndependentTargetsInParallel = 1;
				LastSwiftUpdateCheck = 1410;
				LastUpgradeCheck = 1410;
				TargetAttributes = {
					F18B8A7A2939243F002EC7B0 = {
						CreatedOnToolsVersion = 14.1;
					};
				};
			};
			buildConfigurationList = F18B8A762939243F002EC7B0 /* Build configuration list for PBXProject "RelaxJedi" */;
			compatibilityVersion = "Xcode 14.0";
			developmentRegion = en;
			hasScannedForEncodings = 0;
			knownRegions = (
				en,
				Base,
			);
			mainGroup = F18B8A722939243F002EC7B0;
			productRefGroup = F18B8A7C2939243F002EC7B0 /* Products */;
			projectDirPath = "";
			projectRoot = "";
			targets = (
				F18B8A7A2939243F002EC7B0 /* RelaxJedi */,
			);
		};
/* End PBXProject section */

/* Begin PBXResourcesBuildPhase section */
		F18B8A792939243F002EC7B0 /* Resources */ = {
			isa = PBXResourcesBuildPhase;
			buildActionMask = 2147483647;
			files = (
				F12C5C2B2940EF0900843726 /* Snow.sks in Resources */,
				F18B8A8629392440002EC7B0 /* Preview Assets.xcassets in Resources */,
				F12C5C2C2940EF0900843726 /* Assets.xcassets in Resources */,
				F18B8A8329392440002EC7B0 /* Assets.xcassets in Resources */,
			);
			runOnlyForDeploymentPostprocessing = 0;
		};
/* End PBXResourcesBuildPhase section */

/* Begin PBXSourcesBuildPhase section */
		F18B8A772939243F002EC7B0 /* Sources */ = {
			isa = PBXSourcesBuildPhase;
			buildActionMask = 2147483647;
			files = (
				F18B8AB5293936D8002EC7B0 /* SabreDeLuz.swift in Sources */,
				F18B8A812939243F002EC7B0 /* ContentView.swift in Sources */,
				F12C5C4B294270F100843726 /* Cores.swift in Sources */,
				F121E38829529584005E2E5D /* HelpPlay.swift in Sources */,
				F12C5C4329424E9500843726 /* AppError.swift in Sources */,
				F12C5C452942688900843726 /* RelaxMomentView.swift in Sources */,
				F12C5C27293F7DAB00843726 /* ImagePicker.swift in Sources */,
				F12C5C47294268FE00843726 /* FingersOverlay.swift in Sources */,
				F12C5C2E2940F41E00843726 /* SnowScene.swift in Sources */,
				F12C5C3B294248DD00843726 /* CameraViewController.swift in Sources */,
				F18B8A7F2939243F002EC7B0 /* RelaxJediApp.swift in Sources */,
				F12C5C1E293F6DF400843726 /* Sabre.swift in Sources */,
				F12C5C3D2942493800843726 /* CameraView.swift in Sources */,
				F121E38B2954A9E0005E2E5D /* AVAudio.swift in Sources */,
			);
			runOnlyForDeploymentPostprocessing = 0;
		};
/* End PBXSourcesBuildPhase section */

/* Begin XCBuildConfiguration section */
		F18B8A8729392440002EC7B0 /* Debug */ = {
			isa = XCBuildConfiguration;
			buildSettings = {
				ALWAYS_SEARCH_USER_PATHS = NO;
				CLANG_ANALYZER_NONNULL = YES;
				CLANG_ANALYZER_NUMBER_OBJECT_CONVERSION = YES_AGGRESSIVE;
				CLANG_CXX_LANGUAGE_STANDARD = "gnu++20";
				CLANG_ENABLE_MODULES = YES;
				CLANG_ENABLE_OBJC_ARC = YES;
				CLANG_ENABLE_OBJC_WEAK = YES;
				CLANG_WARN_BLOCK_CAPTURE_AUTORELEASING = YES;
				CLANG_WARN_BOOL_CONVERSION = YES;
				CLANG_WARN_COMMA = YES;
				CLANG_WARN_CONSTANT_CONVERSION = YES;
				CLANG_WARN_DEPRECATED_OBJC_IMPLEMENTATIONS = YES;
				CLANG_WARN_DIRECT_OBJC_ISA_USAGE = YES_ERROR;
				CLANG_WARN_DOCUMENTATION_COMMENTS = YES;
				CLANG_WARN_EMPTY_BODY = YES;
				CLANG_WARN_ENUM_CONVERSION = YES;
				CLANG_WARN_INFINITE_RECURSION = YES;
				CLANG_WARN_INT_CONVERSION = YES;
				CLANG_WARN_NON_LITERAL_NULL_CONVERSION = YES;
				CLANG_WARN_OBJC_IMPLICIT_RETAIN_SELF = YES;
				CLANG_WARN_OBJC_LITERAL_CONVERSION = YES;
				CLANG_WARN_OBJC_ROOT_CLASS = YES_ERROR;
				CLANG_WARN_QUOTED_INCLUDE_IN_FRAMEWORK_HEADER = YES;
				CLANG_WARN_RANGE_LOOP_ANALYSIS = YES;
				CLANG_WARN_STRICT_PROTOTYPES = YES;
				CLANG_WARN_SUSPICIOUS_MOVE = YES;
				CLANG_WARN_UNGUARDED_AVAILABILITY = YES_AGGRESSIVE;
				CLANG_WARN_UNREACHABLE_CODE = YES;
				CLANG_WARN__DUPLICATE_METHOD_MATCH = YES;
				COPY_PHASE_STRIP = NO;
				DEBUG_INFORMATION_FORMAT = dwarf;
				ENABLE_STRICT_OBJC_MSGSEND = YES;
				ENABLE_TESTABILITY = YES;
				GCC_C_LANGUAGE_STANDARD = gnu11;
				GCC_DYNAMIC_NO_PIC = NO;
				GCC_NO_COMMON_BLOCKS = YES;
				GCC_OPTIMIZATION_LEVEL = 0;
				GCC_PREPROCESSOR_DEFINITIONS = (
					"DEBUG=1",
					"$(inherited)",
				);
				GCC_WARN_64_TO_32_BIT_CONVERSION = YES;
				GCC_WARN_ABOUT_RETURN_TYPE = YES_ERROR;
				GCC_WARN_UNDECLARED_SELECTOR = YES;
				GCC_WARN_UNINITIALIZED_AUTOS = YES_AGGRESSIVE;
				GCC_WARN_UNUSED_FUNCTION = YES;
				GCC_WARN_UNUSED_VARIABLE = YES;
				IPHONEOS_DEPLOYMENT_TARGET = 16.1;
				MTL_ENABLE_DEBUG_INFO = INCLUDE_SOURCE;
				MTL_FAST_MATH = YES;
				ONLY_ACTIVE_ARCH = YES;
				SDKROOT = iphoneos;
				SWIFT_ACTIVE_COMPILATION_CONDITIONS = DEBUG;
				SWIFT_OPTIMIZATION_LEVEL = "-Onone";
			};
			name = Debug;
		};
		F18B8A8829392440002EC7B0 /* Release */ = {
			isa = XCBuildConfiguration;
			buildSettings = {
				ALWAYS_SEARCH_USER_PATHS = NO;
				CLANG_ANALYZER_NONNULL = YES;
				CLANG_ANALYZER_NUMBER_OBJECT_CONVERSION = YES_AGGRESSIVE;
				CLANG_CXX_LANGUAGE_STANDARD = "gnu++20";
				CLANG_ENABLE_MODULES = YES;
				CLANG_ENABLE_OBJC_ARC = YES;
				CLANG_ENABLE_OBJC_WEAK = YES;
				CLANG_WARN_BLOCK_CAPTURE_AUTORELEASING = YES;
				CLANG_WARN_BOOL_CONVERSION = YES;
				CLANG_WARN_COMMA = YES;
				CLANG_WARN_CONSTANT_CONVERSION = YES;
				CLANG_WARN_DEPRECATED_OBJC_IMPLEMENTATIONS = YES;
				CLANG_WARN_DIRECT_OBJC_ISA_USAGE = YES_ERROR;
				CLANG_WARN_DOCUMENTATION_COMMENTS = YES;
				CLANG_WARN_EMPTY_BODY = YES;
				CLANG_WARN_ENUM_CONVERSION = YES;
				CLANG_WARN_INFINITE_RECURSION = YES;
				CLANG_WARN_INT_CONVERSION = YES;
				CLANG_WARN_NON_LITERAL_NULL_CONVERSION = YES;
				CLANG_WARN_OBJC_IMPLICIT_RETAIN_SELF = YES;
				CLANG_WARN_OBJC_LITERAL_CONVERSION = YES;
				CLANG_WARN_OBJC_ROOT_CLASS = YES_ERROR;
				CLANG_WARN_QUOTED_INCLUDE_IN_FRAMEWORK_HEADER = YES;
				CLANG_WARN_RANGE_LOOP_ANALYSIS = YES;
				CLANG_WARN_STRICT_PROTOTYPES = YES;
				CLANG_WARN_SUSPICIOUS_MOVE = YES;
				CLANG_WARN_UNGUARDED_AVAILABILITY = YES_AGGRESSIVE;
				CLANG_WARN_UNREACHABLE_CODE = YES;
				CLANG_WARN__DUPLICATE_METHOD_MATCH = YES;
				COPY_PHASE_STRIP = NO;
				DEBUG_INFORMATION_FORMAT = "dwarf-with-dsym";
				ENABLE_NS_ASSERTIONS = NO;
				ENABLE_STRICT_OBJC_MSGSEND = YES;
				GCC_C_LANGUAGE_STANDARD = gnu11;
				GCC_NO_COMMON_BLOCKS = YES;
				GCC_WARN_64_TO_32_BIT_CONVERSION = YES;
				GCC_WARN_ABOUT_RETURN_TYPE = YES_ERROR;
				GCC_WARN_UNDECLARED_SELECTOR = YES;
				GCC_WARN_UNINITIALIZED_AUTOS = YES_AGGRESSIVE;
				GCC_WARN_UNUSED_FUNCTION = YES;
				GCC_WARN_UNUSED_VARIABLE = YES;
				IPHONEOS_DEPLOYMENT_TARGET = 16.1;
				MTL_ENABLE_DEBUG_INFO = NO;
				MTL_FAST_MATH = YES;
				SDKROOT = iphoneos;
				SWIFT_COMPILATION_MODE = wholemodule;
				SWIFT_OPTIMIZATION_LEVEL = "-O";
				VALIDATE_PRODUCT = YES;
			};
			name = Release;
		};
		F18B8A8A29392440002EC7B0 /* Debug */ = {
			isa = XCBuildConfiguration;
			buildSettings = {
				ASSETCATALOG_COMPILER_APPICON_NAME = AppIcon;
				ASSETCATALOG_COMPILER_GLOBAL_ACCENT_COLOR_NAME = AccentColor;
				CODE_SIGN_STYLE = Automatic;
				CURRENT_PROJECT_VERSION = 1;
				DEVELOPMENT_ASSET_PATHS = "\"RelaxJedi/Preview Content\"";
				DEVELOPMENT_TEAM = LYWLS2686M;
				ENABLE_PREVIEWS = YES;
				GENERATE_INFOPLIST_FILE = YES;
				INFOPLIST_KEY_NSCameraUsageDescription = "This application uses the camera to acess Vision technology.";
				INFOPLIST_KEY_UIApplicationSceneManifest_Generation = YES;
				INFOPLIST_KEY_UIApplicationSupportsIndirectInputEvents = YES;
				INFOPLIST_KEY_UILaunchScreen_Generation = YES;
				INFOPLIST_KEY_UISupportedInterfaceOrientations = UIInterfaceOrientationPortrait;
				INFOPLIST_KEY_UISupportedInterfaceOrientations_iPad = "UIInterfaceOrientationLandscapeLeft UIInterfaceOrientationLandscapeRight UIInterfaceOrientationPortrait UIInterfaceOrientationPortraitUpsideDown";
				LD_RUNPATH_SEARCH_PATHS = (
					"$(inherited)",
					"@executable_path/Frameworks",
				);
				MARKETING_VERSION = 1.0;
				PRODUCT_BUNDLE_IDENTIFIER = "Bejota-Apple.RelaxJedi";
				PRODUCT_NAME = "$(TARGET_NAME)";
				SUPPORTED_PLATFORMS = "iphoneos iphonesimulator";
				SUPPORTS_MACCATALYST = NO;
				SUPPORTS_MAC_DESIGNED_FOR_IPHONE_IPAD = NO;
				SWIFT_EMIT_LOC_STRINGS = YES;
				SWIFT_VERSION = 5.0;
				TARGETED_DEVICE_FAMILY = 1;
			};
			name = Debug;
		};
		F18B8A8B29392440002EC7B0 /* Release */ = {
			isa = XCBuildConfiguration;
			buildSettings = {
				ASSETCATALOG_COMPILER_APPICON_NAME = AppIcon;
				ASSETCATALOG_COMPILER_GLOBAL_ACCENT_COLOR_NAME = AccentColor;
				CODE_SIGN_STYLE = Automatic;
				CURRENT_PROJECT_VERSION = 1;
				DEVELOPMENT_ASSET_PATHS = "\"RelaxJedi/Preview Content\"";
				DEVELOPMENT_TEAM = LYWLS2686M;
				ENABLE_PREVIEWS = YES;
				GENERATE_INFOPLIST_FILE = YES;
				INFOPLIST_KEY_NSCameraUsageDescription = "This application uses the camera to acess Vision technology.";
				INFOPLIST_KEY_UIApplicationSceneManifest_Generation = YES;
				INFOPLIST_KEY_UIApplicationSupportsIndirectInputEvents = YES;
				INFOPLIST_KEY_UILaunchScreen_Generation = YES;
				INFOPLIST_KEY_UISupportedInterfaceOrientations = UIInterfaceOrientationPortrait;
				INFOPLIST_KEY_UISupportedInterfaceOrientations_iPad = "UIInterfaceOrientationLandscapeLeft UIInterfaceOrientationLandscapeRight UIInterfaceOrientationPortrait UIInterfaceOrientationPortraitUpsideDown";
				LD_RUNPATH_SEARCH_PATHS = (
					"$(inherited)",
					"@executable_path/Frameworks",
				);
				MARKETING_VERSION = 1.0;
				PRODUCT_BUNDLE_IDENTIFIER = "Bejota-Apple.RelaxJedi";
				PRODUCT_NAME = "$(TARGET_NAME)";
				SUPPORTED_PLATFORMS = "iphoneos iphonesimulator";
				SUPPORTS_MACCATALYST = NO;
				SUPPORTS_MAC_DESIGNED_FOR_IPHONE_IPAD = NO;
				SWIFT_EMIT_LOC_STRINGS = YES;
				SWIFT_VERSION = 5.0;
				TARGETED_DEVICE_FAMILY = 1;
			};
			name = Release;
		};
/* End XCBuildConfiguration section */

/* Begin XCConfigurationList section */
		F18B8A762939243F002EC7B0 /* Build configuration list for PBXProject "RelaxJedi" */ = {
			isa = XCConfigurationList;
			buildConfigurations = (
				F18B8A8729392440002EC7B0 /* Debug */,
				F18B8A8829392440002EC7B0 /* Release */,
			);
			defaultConfigurationIsVisible = 0;
			defaultConfigurationName = Release;
		};
		F18B8A8929392440002EC7B0 /* Build configuration list for PBXNativeTarget "RelaxJedi" */ = {
			isa = XCConfigurationList;
			buildConfigurations = (
				F18B8A8A29392440002EC7B0 /* Debug */,
				F18B8A8B29392440002EC7B0 /* Release */,
			);
			defaultConfigurationIsVisible = 0;
			defaultConfigurationName = Release;
		};
/* End XCConfigurationList section */
	};
	rootObject = F18B8A732939243F002EC7B0 /* Project object */;
}
